// !$*UTF8*$!
{
	archiveVersion = 1;
	classes = {
	};
	objectVersion = 56;
	objects = {

/* Begin PBXBuildFile section */
		1E207A28297897BE007DF8C1 /* ScrumdingerApp.swift in Sources */ = {isa = PBXBuildFile; fileRef = 1E207A27297897BE007DF8C1 /* ScrumdingerApp.swift */; };
		1E207A2A297897BE007DF8C1 /* MeetingView.swift in Sources */ = {isa = PBXBuildFile; fileRef = 1E207A29297897BE007DF8C1 /* MeetingView.swift */; };
		1E207A2C297897C0007DF8C1 /* Assets.xcassets in Resources */ = {isa = PBXBuildFile; fileRef = 1E207A2B297897C0007DF8C1 /* Assets.xcassets */; };
		1E207A2F297897C0007DF8C1 /* Preview Assets.xcassets in Resources */ = {isa = PBXBuildFile; fileRef = 1E207A2E297897C0007DF8C1 /* Preview Assets.xcassets */; };
		1E207A372979576B007DF8C1 /* Theme.swift in Sources */ = {isa = PBXBuildFile; fileRef = 1E207A362979576B007DF8C1 /* Theme.swift */; };
		1E207A392979598E007DF8C1 /* DailyScrum.swift in Sources */ = {isa = PBXBuildFile; fileRef = 1E207A382979598E007DF8C1 /* DailyScrum.swift */; };
		1E207A3B29795B76007DF8C1 /* CardView.swift in Sources */ = {isa = PBXBuildFile; fileRef = 1E207A3A29795B76007DF8C1 /* CardView.swift */; };
		1E39831A2992F0130045A31E /* ThemeView.swift in Sources */ = {isa = PBXBuildFile; fileRef = 1E3983192992F0130045A31E /* ThemeView.swift */; };
		1E39831C2992F11A0045A31E /* ThemePicker.swift in Sources */ = {isa = PBXBuildFile; fileRef = 1E39831B2992F11A0045A31E /* ThemePicker.swift */; };
		1E55CBA1299A3A3C00B25FD2 /* ding.wav in Resources */ = {isa = PBXBuildFile; fileRef = 1E55CBA0299A3A3C00B25FD2 /* ding.wav */; };
		1E615F96297EEBF000C47453 /* TrailingIconLabelStyle.swift in Sources */ = {isa = PBXBuildFile; fileRef = 1E615F95297EEBF000C47453 /* TrailingIconLabelStyle.swift */; };
		1E93CD3D29922A390050B53B /* ScrumsView.swift in Sources */ = {isa = PBXBuildFile; fileRef = 1E93CD3C29922A390050B53B /* ScrumsView.swift */; };
		1E93CD3F299236250050B53B /* DetailView.swift in Sources */ = {isa = PBXBuildFile; fileRef = 1E93CD3E299236250050B53B /* DetailView.swift */; };
		1E93CD4129925C040050B53B /* DetailEditView.swift in Sources */ = {isa = PBXBuildFile; fileRef = 1E93CD4029925C040050B53B /* DetailEditView.swift */; };
		1EEC73172994D8460085B978 /* MeetingHeaderView.swift in Sources */ = {isa = PBXBuildFile; fileRef = 1EEC73162994D8460085B978 /* MeetingHeaderView.swift */; };
		1EEC7319299A2F450085B978 /* ScrumTimer.swift in Sources */ = {isa = PBXBuildFile; fileRef = 1EEC7318299A2F450085B978 /* ScrumTimer.swift */; };
		1EEC731B299A318E0085B978 /* MeetingFooterView.swift in Sources */ = {isa = PBXBuildFile; fileRef = 1EEC731A299A318E0085B978 /* MeetingFooterView.swift */; };
		1EEC731D299A34EC0085B978 /* AVPlayer+Ding.swift in Sources */ = {isa = PBXBuildFile; fileRef = 1EEC731C299A34EC0085B978 /* AVPlayer+Ding.swift */; };
		1EEC731F299A35400085B978 /* ScrumProgressViewStyle.swift in Sources */ = {isa = PBXBuildFile; fileRef = 1EEC731E299A35400085B978 /* ScrumProgressViewStyle.swift */; };
/* End PBXBuildFile section */

/* Begin PBXFileReference section */
		1E207A24297897BE007DF8C1 /* ScrumdingerApp.app */ = {isa = PBXFileReference; explicitFileType = wrapper.application; includeInIndex = 0; path = ScrumdingerApp.app; sourceTree = BUILT_PRODUCTS_DIR; };
		1E207A27297897BE007DF8C1 /* ScrumdingerApp.swift */ = {isa = PBXFileReference; lastKnownFileType = sourcecode.swift; path = ScrumdingerApp.swift; sourceTree = "<group>"; };
		1E207A29297897BE007DF8C1 /* MeetingView.swift */ = {isa = PBXFileReference; lastKnownFileType = sourcecode.swift; path = MeetingView.swift; sourceTree = "<group>"; };
		1E207A2B297897C0007DF8C1 /* Assets.xcassets */ = {isa = PBXFileReference; lastKnownFileType = folder.assetcatalog; path = Assets.xcassets; sourceTree = "<group>"; };
		1E207A2E297897C0007DF8C1 /* Preview Assets.xcassets */ = {isa = PBXFileReference; lastKnownFileType = folder.assetcatalog; path = "Preview Assets.xcassets"; sourceTree = "<group>"; };
		1E207A362979576B007DF8C1 /* Theme.swift */ = {isa = PBXFileReference; lastKnownFileType = sourcecode.swift; path = Theme.swift; sourceTree = "<group>"; };
		1E207A382979598E007DF8C1 /* DailyScrum.swift */ = {isa = PBXFileReference; lastKnownFileType = sourcecode.swift; path = DailyScrum.swift; sourceTree = "<group>"; };
		1E207A3A29795B76007DF8C1 /* CardView.swift */ = {isa = PBXFileReference; lastKnownFileType = sourcecode.swift; path = CardView.swift; sourceTree = "<group>"; };
		1E3983192992F0130045A31E /* ThemeView.swift */ = {isa = PBXFileReference; lastKnownFileType = sourcecode.swift; path = ThemeView.swift; sourceTree = "<group>"; };
		1E39831B2992F11A0045A31E /* ThemePicker.swift */ = {isa = PBXFileReference; lastKnownFileType = sourcecode.swift; path = ThemePicker.swift; sourceTree = "<group>"; };
		1E55CBA0299A3A3C00B25FD2 /* ding.wav */ = {isa = PBXFileReference; lastKnownFileType = audio.wav; name = ding.wav; path = ../../../../Downloads/ManagingStateAndLifeCycle/Complete/Scrumdinger/Resources/ding.wav; sourceTree = "<group>"; };
		1E615F95297EEBF000C47453 /* TrailingIconLabelStyle.swift */ = {isa = PBXFileReference; lastKnownFileType = sourcecode.swift; path = TrailingIconLabelStyle.swift; sourceTree = "<group>"; };
		1E93CD3C29922A390050B53B /* ScrumsView.swift */ = {isa = PBXFileReference; lastKnownFileType = sourcecode.swift; path = ScrumsView.swift; sourceTree = "<group>"; };
		1E93CD3E299236250050B53B /* DetailView.swift */ = {isa = PBXFileReference; lastKnownFileType = sourcecode.swift; path = DetailView.swift; sourceTree = "<group>"; };
		1E93CD4029925C040050B53B /* DetailEditView.swift */ = {isa = PBXFileReference; lastKnownFileType = sourcecode.swift; path = DetailEditView.swift; sourceTree = "<group>"; };
		1EEC73162994D8460085B978 /* MeetingHeaderView.swift */ = {isa = PBXFileReference; lastKnownFileType = sourcecode.swift; path = MeetingHeaderView.swift; sourceTree = "<group>"; };
		1EEC7318299A2F450085B978 /* ScrumTimer.swift */ = {isa = PBXFileReference; lastKnownFileType = sourcecode.swift; path = ScrumTimer.swift; sourceTree = "<group>"; };
		1EEC731A299A318E0085B978 /* MeetingFooterView.swift */ = {isa = PBXFileReference; lastKnownFileType = sourcecode.swift; path = MeetingFooterView.swift; sourceTree = "<group>"; };
		1EEC731C299A34EC0085B978 /* AVPlayer+Ding.swift */ = {isa = PBXFileReference; lastKnownFileType = sourcecode.swift; path = "AVPlayer+Ding.swift"; sourceTree = "<group>"; };
		1EEC731E299A35400085B978 /* ScrumProgressViewStyle.swift */ = {isa = PBXFileReference; lastKnownFileType = sourcecode.swift; path = ScrumProgressViewStyle.swift; sourceTree = "<group>"; };
/* End PBXFileReference section */

/* Begin PBXFrameworksBuildPhase section */
		1E207A21297897BE007DF8C1 /* Frameworks */ = {
			isa = PBXFrameworksBuildPhase;
			buildActionMask = 2147483647;
			files = (
			);
			runOnlyForDeploymentPostprocessing = 0;
		};
/* End PBXFrameworksBuildPhase section */

/* Begin PBXGroup section */
		1E207A1B297897BE007DF8C1 = {
			isa = PBXGroup;
			children = (
				1E207A26297897BE007DF8C1 /* ScrumdingerApp */,
				1E207A25297897BE007DF8C1 /* Products */,
			);
			sourceTree = "<group>";
		};
		1E207A25297897BE007DF8C1 /* Products */ = {
			isa = PBXGroup;
			children = (
				1E207A24297897BE007DF8C1 /* ScrumdingerApp.app */,
			);
			name = Products;
			sourceTree = "<group>";
		};
		1E207A26297897BE007DF8C1 /* ScrumdingerApp */ = {
			isa = PBXGroup;
			children = (
				1E207A352979571F007DF8C1 /* Models */,
				1E207A27297897BE007DF8C1 /* ScrumdingerApp.swift */,
				1E93CD3C29922A390050B53B /* ScrumsView.swift */,
				1E207A29297897BE007DF8C1 /* MeetingView.swift */,
				1EEC731A299A318E0085B978 /* MeetingFooterView.swift */,
				1EEC731E299A35400085B978 /* ScrumProgressViewStyle.swift */,
				1EEC73162994D8460085B978 /* MeetingHeaderView.swift */,
				1E207A3A29795B76007DF8C1 /* CardView.swift */,
				1E93CD4029925C040050B53B /* DetailEditView.swift */,
				1E93CD3E299236250050B53B /* DetailView.swift */,
				1E3983192992F0130045A31E /* ThemeView.swift */,
				1E55CB9F299A37A100B25FD2 /* Resourses */,
				1E39831B2992F11A0045A31E /* ThemePicker.swift */,
				1E207A2B297897C0007DF8C1 /* Assets.xcassets */,
				1E207A2D297897C0007DF8C1 /* Preview Content */,
			);
			path = ScrumdingerApp;
			sourceTree = "<group>";
		};
		1E207A2D297897C0007DF8C1 /* Preview Content */ = {
			isa = PBXGroup;
			children = (
				1E207A2E297897C0007DF8C1 /* Preview Assets.xcassets */,
			);
			path = "Preview Content";
			sourceTree = "<group>";
		};
		1E207A352979571F007DF8C1 /* Models */ = {
			isa = PBXGroup;
			children = (
				1E207A362979576B007DF8C1 /* Theme.swift */,
				1E207A382979598E007DF8C1 /* DailyScrum.swift */,
				1E615F95297EEBF000C47453 /* TrailingIconLabelStyle.swift */,
				1EEC7318299A2F450085B978 /* ScrumTimer.swift */,
				1EEC731C299A34EC0085B978 /* AVPlayer+Ding.swift */,
			);
			path = Models;
			sourceTree = "<group>";
		};
		1E55CB9F299A37A100B25FD2 /* Resourses */ = {
			isa = PBXGroup;
			children = (
				1E55CBA0299A3A3C00B25FD2 /* ding.wav */,
			);
			path = Resourses;
			sourceTree = "<group>";
		};
/* End PBXGroup section */

/* Begin PBXNativeTarget section */
		1E207A23297897BE007DF8C1 /* ScrumdingerApp */ = {
			isa = PBXNativeTarget;
			buildConfigurationList = 1E207A32297897C0007DF8C1 /* Build configuration list for PBXNativeTarget "ScrumdingerApp" */;
			buildPhases = (
				1E207A20297897BE007DF8C1 /* Sources */,
				1E207A21297897BE007DF8C1 /* Frameworks */,
				1E207A22297897BE007DF8C1 /* Resources */,
			);
			buildRules = (
			);
			dependencies = (
			);
			name = ScrumdingerApp;
			productName = ScrumdingerApp;
			productReference = 1E207A24297897BE007DF8C1 /* ScrumdingerApp.app */;
			productType = "com.apple.product-type.application";
		};
/* End PBXNativeTarget section */

/* Begin PBXProject section */
		1E207A1C297897BE007DF8C1 /* Project object */ = {
			isa = PBXProject;
			attributes = {
				BuildIndependentTargetsInParallel = 1;
				LastSwiftUpdateCheck = 1420;
				LastUpgradeCheck = 1420;
				TargetAttributes = {
					1E207A23297897BE007DF8C1 = {
						CreatedOnToolsVersion = 14.2;
					};
				};
			};
			buildConfigurationList = 1E207A1F297897BE007DF8C1 /* Build configuration list for PBXProject "ScrumdingerApp" */;
			compatibilityVersion = "Xcode 14.0";
			developmentRegion = en;
			hasScannedForEncodings = 0;
			knownRegions = (
				en,
				Base,
			);
			mainGroup = 1E207A1B297897BE007DF8C1;
			productRefGroup = 1E207A25297897BE007DF8C1 /* Products */;
			projectDirPath = "";
			projectRoot = "";
			targets = (
				1E207A23297897BE007DF8C1 /* ScrumdingerApp */,
			);
		};
/* End PBXProject section */

/* Begin PBXResourcesBuildPhase section */
		1E207A22297897BE007DF8C1 /* Resources */ = {
			isa = PBXResourcesBuildPhase;
			buildActionMask = 2147483647;
			files = (
				1E55CBA1299A3A3C00B25FD2 /* ding.wav in Resources */,
				1E207A2F297897C0007DF8C1 /* Preview Assets.xcassets in Resources */,
				1E207A2C297897C0007DF8C1 /* Assets.xcassets in Resources */,
			);
			runOnlyForDeploymentPostprocessing = 0;
		};
/* End PBXResourcesBuildPhase section */

/* Begin PBXSourcesBuildPhase section */
		1E207A20297897BE007DF8C1 /* Sources */ = {
			isa = PBXSourcesBuildPhase;
			buildActionMask = 2147483647;
			files = (
				1E207A392979598E007DF8C1 /* DailyScrum.swift in Sources */,
				1E39831A2992F0130045A31E /* ThemeView.swift in Sources */,
				1EEC731F299A35400085B978 /* ScrumProgressViewStyle.swift in Sources */,
				1E93CD3F299236250050B53B /* DetailView.swift in Sources */,
				1EEC731B299A318E0085B978 /* MeetingFooterView.swift in Sources */,
				1EEC731D299A34EC0085B978 /* AVPlayer+Ding.swift in Sources */,
				1E615F96297EEBF000C47453 /* TrailingIconLabelStyle.swift in Sources */,
				1E93CD3D29922A390050B53B /* ScrumsView.swift in Sources */,
				1EEC73172994D8460085B978 /* MeetingHeaderView.swift in Sources */,
				1E207A372979576B007DF8C1 /* Theme.swift in Sources */,
				1E207A2A297897BE007DF8C1 /* MeetingView.swift in Sources */,
				1E93CD4129925C040050B53B /* DetailEditView.swift in Sources */,
				1E39831C2992F11A0045A31E /* ThemePicker.swift in Sources */,
				1E207A28297897BE007DF8C1 /* ScrumdingerApp.swift in Sources */,
				1E207A3B29795B76007DF8C1 /* CardView.swift in Sources */,
				1EEC7319299A2F450085B978 /* ScrumTimer.swift in Sources */,
			);
			runOnlyForDeploymentPostprocessing = 0;
		};
/* End PBXSourcesBuildPhase section */

/* Begin XCBuildConfiguration section */
		1E207A30297897C0007DF8C1 /* Debug */ = {
			isa = XCBuildConfiguration;
			buildSettings = {
				ALWAYS_SEARCH_USER_PATHS = NO;
				CLANG_ANALYZER_NONNULL = YES;
				CLANG_ANALYZER_NUMBER_OBJECT_CONVERSION = YES_AGGRESSIVE;
				CLANG_CXX_LANGUAGE_STANDARD = "gnu++20";
				CLANG_ENABLE_MODULES = YES;
				CLANG_ENABLE_OBJC_ARC = YES;
				CLANG_ENABLE_OBJC_WEAK = YES;
				CLANG_WARN_BLOCK_CAPTURE_AUTORELEASING = YES;
				CLANG_WARN_BOOL_CONVERSION = YES;
				CLANG_WARN_COMMA = YES;
				CLANG_WARN_CONSTANT_CONVERSION = YES;
				CLANG_WARN_DEPRECATED_OBJC_IMPLEMENTATIONS = YES;
				CLANG_WARN_DIRECT_OBJC_ISA_USAGE = YES_ERROR;
				CLANG_WARN_DOCUMENTATION_COMMENTS = YES;
				CLANG_WARN_EMPTY_BODY = YES;
				CLANG_WARN_ENUM_CONVERSION = YES;
				CLANG_WARN_INFINITE_RECURSION = YES;
				CLANG_WARN_INT_CONVERSION = YES;
				CLANG_WARN_NON_LITERAL_NULL_CONVERSION = YES;
				CLANG_WARN_OBJC_IMPLICIT_RETAIN_SELF = YES;
				CLANG_WARN_OBJC_LITERAL_CONVERSION = YES;
				CLANG_WARN_OBJC_ROOT_CLASS = YES_ERROR;
				CLANG_WARN_QUOTED_INCLUDE_IN_FRAMEWORK_HEADER = YES;
				CLANG_WARN_RANGE_LOOP_ANALYSIS = YES;
				CLANG_WARN_STRICT_PROTOTYPES = YES;
				CLANG_WARN_SUSPICIOUS_MOVE = YES;
				CLANG_WARN_UNGUARDED_AVAILABILITY = YES_AGGRESSIVE;
				CLANG_WARN_UNREACHABLE_CODE = YES;
				CLANG_WARN__DUPLICATE_METHOD_MATCH = YES;
				COPY_PHASE_STRIP = NO;
				DEBUG_INFORMATION_FORMAT = dwarf;
				ENABLE_STRICT_OBJC_MSGSEND = YES;
				ENABLE_TESTABILITY = YES;
				GCC_C_LANGUAGE_STANDARD = gnu11;
				GCC_DYNAMIC_NO_PIC = NO;
				GCC_NO_COMMON_BLOCKS = YES;
				GCC_OPTIMIZATION_LEVEL = 0;
				GCC_PREPROCESSOR_DEFINITIONS = (
					"DEBUG=1",
					"$(inherited)",
				);
				GCC_WARN_64_TO_32_BIT_CONVERSION = YES;
				GCC_WARN_ABOUT_RETURN_TYPE = YES_ERROR;
				GCC_WARN_UNDECLARED_SELECTOR = YES;
				GCC_WARN_UNINITIALIZED_AUTOS = YES_AGGRESSIVE;
				GCC_WARN_UNUSED_FUNCTION = YES;
				GCC_WARN_UNUSED_VARIABLE = YES;
				IPHONEOS_DEPLOYMENT_TARGET = 16.2;
				MTL_ENABLE_DEBUG_INFO = INCLUDE_SOURCE;
				MTL_FAST_MATH = YES;
				ONLY_ACTIVE_ARCH = YES;
				SDKROOT = iphoneos;
				SWIFT_ACTIVE_COMPILATION_CONDITIONS = DEBUG;
				SWIFT_OPTIMIZATION_LEVEL = "-Onone";
			};
			name = Debug;
		};
		1E207A31297897C0007DF8C1 /* Release */ = {
			isa = XCBuildConfiguration;
			buildSettings = {
				ALWAYS_SEARCH_USER_PATHS = NO;
				CLANG_ANALYZER_NONNULL = YES;
				CLANG_ANALYZER_NUMBER_OBJECT_CONVERSION = YES_AGGRESSIVE;
				CLANG_CXX_LANGUAGE_STANDARD = "gnu++20";
				CLANG_ENABLE_MODULES = YES;
				CLANG_ENABLE_OBJC_ARC = YES;
				CLANG_ENABLE_OBJC_WEAK = YES;
				CLANG_WARN_BLOCK_CAPTURE_AUTORELEASING = YES;
				CLANG_WARN_BOOL_CONVERSION = YES;
				CLANG_WARN_COMMA = YES;
				CLANG_WARN_CONSTANT_CONVERSION = YES;
				CLANG_WARN_DEPRECATED_OBJC_IMPLEMENTATIONS = YES;
				CLANG_WARN_DIRECT_OBJC_ISA_USAGE = YES_ERROR;
				CLANG_WARN_DOCUMENTATION_COMMENTS = YES;
				CLANG_WARN_EMPTY_BODY = YES;
				CLANG_WARN_ENUM_CONVERSION = YES;
				CLANG_WARN_INFINITE_RECURSION = YES;
				CLANG_WARN_INT_CONVERSION = YES;
				CLANG_WARN_NON_LITERAL_NULL_CONVERSION = YES;
				CLANG_WARN_OBJC_IMPLICIT_RETAIN_SELF = YES;
				CLANG_WARN_OBJC_LITERAL_CONVERSION = YES;
				CLANG_WARN_OBJC_ROOT_CLASS = YES_ERROR;
				CLANG_WARN_QUOTED_INCLUDE_IN_FRAMEWORK_HEADER = YES;
				CLANG_WARN_RANGE_LOOP_ANALYSIS = YES;
				CLANG_WARN_STRICT_PROTOTYPES = YES;
				CLANG_WARN_SUSPICIOUS_MOVE = YES;
				CLANG_WARN_UNGUARDED_AVAILABILITY = YES_AGGRESSIVE;
				CLANG_WARN_UNREACHABLE_CODE = YES;
				CLANG_WARN__DUPLICATE_METHOD_MATCH = YES;
				COPY_PHASE_STRIP = NO;
				DEBUG_INFORMATION_FORMAT = "dwarf-with-dsym";
				ENABLE_NS_ASSERTIONS = NO;
				ENABLE_STRICT_OBJC_MSGSEND = YES;
				GCC_C_LANGUAGE_STANDARD = gnu11;
				GCC_NO_COMMON_BLOCKS = YES;
				GCC_WARN_64_TO_32_BIT_CONVERSION = YES;
				GCC_WARN_ABOUT_RETURN_TYPE = YES_ERROR;
				GCC_WARN_UNDECLARED_SELECTOR = YES;
				GCC_WARN_UNINITIALIZED_AUTOS = YES_AGGRESSIVE;
				GCC_WARN_UNUSED_FUNCTION = YES;
				GCC_WARN_UNUSED_VARIABLE = YES;
				IPHONEOS_DEPLOYMENT_TARGET = 16.2;
				MTL_ENABLE_DEBUG_INFO = NO;
				MTL_FAST_MATH = YES;
				SDKROOT = iphoneos;
				SWIFT_COMPILATION_MODE = wholemodule;
				SWIFT_OPTIMIZATION_LEVEL = "-O";
				VALIDATE_PRODUCT = YES;
			};
			name = Release;
		};
		1E207A33297897C0007DF8C1 /* Debug */ = {
			isa = XCBuildConfiguration;
			buildSettings = {
				ASSETCATALOG_COMPILER_APPICON_NAME = AppIcon;
				ASSETCATALOG_COMPILER_GLOBAL_ACCENT_COLOR_NAME = AccentColor;
				CODE_SIGN_STYLE = Automatic;
				CURRENT_PROJECT_VERSION = 1;
				DEVELOPMENT_ASSET_PATHS = "\"ScrumdingerApp/Preview Content\"";
				DEVELOPMENT_TEAM = MWWVPZFT2J;
				ENABLE_PREVIEWS = YES;
				GENERATE_INFOPLIST_FILE = YES;
				INFOPLIST_KEY_UIApplicationSceneManifest_Generation = YES;
				INFOPLIST_KEY_UIApplicationSupportsIndirectInputEvents = YES;
				INFOPLIST_KEY_UILaunchScreen_Generation = YES;
				INFOPLIST_KEY_UISupportedInterfaceOrientations_iPad = "UIInterfaceOrientationPortrait UIInterfaceOrientationPortraitUpsideDown UIInterfaceOrientationLandscapeLeft UIInterfaceOrientationLandscapeRight";
				INFOPLIST_KEY_UISupportedInterfaceOrientations_iPhone = "UIInterfaceOrientationPortrait UIInterfaceOrientationLandscapeLeft UIInterfaceOrientationLandscapeRight";
				LD_RUNPATH_SEARCH_PATHS = (
					"$(inherited)",
					"@executable_path/Frameworks",
				);
				MARKETING_VERSION = 1.0;
				PRODUCT_BUNDLE_IDENTIFIER = aboba.ScrumdingerApp;
				PRODUCT_NAME = "$(TARGET_NAME)";
				SWIFT_EMIT_LOC_STRINGS = YES;
				SWIFT_VERSION = 5.0;
				TARGETED_DEVICE_FAMILY = "1,2";
			};
			name = Debug;
		};
		1E207A34297897C0007DF8C1 /* Release */ = {
			isa = XCBuildConfiguration;
			buildSettings = {
				ASSETCATALOG_COMPILER_APPICON_NAME = AppIcon;
				ASSETCATALOG_COMPILER_GLOBAL_ACCENT_COLOR_NAME = AccentColor;
				CODE_SIGN_STYLE = Automatic;
				CURRENT_PROJECT_VERSION = 1;
				DEVELOPMENT_ASSET_PATHS = "\"ScrumdingerApp/Preview Content\"";
				DEVELOPMENT_TEAM = MWWVPZFT2J;
				ENABLE_PREVIEWS = YES;
				GENERATE_INFOPLIST_FILE = YES;
				INFOPLIST_KEY_UIApplicationSceneManifest_Generation = YES;
				INFOPLIST_KEY_UIApplicationSupportsIndirectInputEvents = YES;
				INFOPLIST_KEY_UILaunchScreen_Generation = YES;
				INFOPLIST_KEY_UISupportedInterfaceOrientations_iPad = "UIInterfaceOrientationPortrait UIInterfaceOrientationPortraitUpsideDown UIInterfaceOrientationLandscapeLeft UIInterfaceOrientationLandscapeRight";
				INFOPLIST_KEY_UISupportedInterfaceOrientations_iPhone = "UIInterfaceOrientationPortrait UIInterfaceOrientationLandscapeLeft UIInterfaceOrientationLandscapeRight";
				LD_RUNPATH_SEARCH_PATHS = (
					"$(inherited)",
					"@executable_path/Frameworks",
				);
				MARKETING_VERSION = 1.0;
				PRODUCT_BUNDLE_IDENTIFIER = aboba.ScrumdingerApp;
				PRODUCT_NAME = "$(TARGET_NAME)";
				SWIFT_EMIT_LOC_STRINGS = YES;
				SWIFT_VERSION = 5.0;
				TARGETED_DEVICE_FAMILY = "1,2";
			};
			name = Release;
		};
/* End XCBuildConfiguration section */

/* Begin XCConfigurationList section */
		1E207A1F297897BE007DF8C1 /* Build configuration list for PBXProject "ScrumdingerApp" */ = {
			isa = XCConfigurationList;
			buildConfigurations = (
				1E207A30297897C0007DF8C1 /* Debug */,
				1E207A31297897C0007DF8C1 /* Release */,
			);
			defaultConfigurationIsVisible = 0;
			defaultConfigurationName = Release;
		};
		1E207A32297897C0007DF8C1 /* Build configuration list for PBXNativeTarget "ScrumdingerApp" */ = {
			isa = XCConfigurationList;
			buildConfigurations = (
				1E207A33297897C0007DF8C1 /* Debug */,
				1E207A34297897C0007DF8C1 /* Release */,
			);
			defaultConfigurationIsVisible = 0;
			defaultConfigurationName = Release;
		};
/* End XCConfigurationList section */
	};
	rootObject = 1E207A1C297897BE007DF8C1 /* Project object */;
}
